{
  "name": "cl4pdf",
  "version": "1.0.0",
  "lockfileVersion": 2,
  "requires": true,
  "packages": {
    "": {
      "name": "cl4pdf",
      "version": "1.0.0",
      "license": "PROPRIETARY",
      "devDependencies": {
        "concurrently": "^8.2.2",
        "eslint": "^8.55.0",
        "eslint-config-standard": "^17.1.0",
        "eslint-plugin-import": "^2.29.0",
        "eslint-plugin-n": "^16.4.0",
        "eslint-plugin-promise": "^6.1.1",
        "nodemon": "^3.0.2",
        "prettier": "^3.1.1"
      },
      "engines": {
        "node": ">=18.0.0",
        "npm": ">=8.0.0"
      },
      "workspaces": [
        "api",
        "core"
      ]
    }
  }
}
